
Microsoft Visual Studio Solution File, Format Version 12.00
# Visual Studio Version 17
VisualStudioVersion = 17.3.32929.385
MinimumVisualStudioVersion = 10.0.40219.1
Project("{FAE04EC0-301F-11D3-BF4B-00C04F79EFBC}") = "Fred.PowerShell.Certificate.Parameter", "Fred.PowerShell.Certificate.Parameter\Fred.PowerShell.Certificate.Parameter.csproj", "{FCA155C3-8893-4453-9A2F-060AFC3B00F2}"
EndProject
Global
	GlobalSection(SolutionConfigurationPlatforms) = preSolution
		Debug|Any CPU = Debug|Any CPU
		Release|Any CPU = Release|Any CPU
	EndGlobalSection
	GlobalSection(ProjectConfigurationPlatforms) = postSolution
		{FCA155C3-8893-4453-9A2F-060AFC3B00F2}.Debug|Any CPU.ActiveCfg = Debug|Any CPU
		{FCA155C3-8893-4453-9A2F-060AFC3B00F2}.Debug|Any CPU.Build.0 = Debug|Any CPU
		{FCA155C3-8893-4453-9A2F-060AFC3B00F2}.Release|Any CPU.ActiveCfg = Release|Any CPU
		{FCA155C3-8893-4453-9A2F-060AFC3B00F2}.Release|Any CPU.Build.0 = Release|Any CPU
	EndGlobalSection
	GlobalSection(SolutionProperties) = preSolution
		HideSolutionNode = FALSE
	EndGlobalSection
	GlobalSection(ExtensibilityGlobals) = postSolution
		SolutionGuid = {B1AA6D3B-057F-437A-A8BD-4F7BC8EA4D90}
	EndGlobalSection
EndGlobal
